// !$*UTF8*$!
{
	archiveVersion = 1;
	classes = {
	};
	objectVersion = 50;
	objects = {

/* Begin PBXBuildFile section */
		419DAD7E27251BE500587380 /* AppDelegate.swift in Sources */ = {isa = PBXBuildFile; fileRef = 419DAD7D27251BE500587380 /* AppDelegate.swift */; };
		419DAD8027251BE500587380 /* SceneDelegate.swift in Sources */ = {isa = PBXBuildFile; fileRef = 419DAD7F27251BE500587380 /* SceneDelegate.swift */; };
		419DAD8227251BE500587380 /* ViewController.swift in Sources */ = {isa = PBXBuildFile; fileRef = 419DAD8127251BE500587380 /* ViewController.swift */; };
		419DAD8527251BE500587380 /* Main.storyboard in Resources */ = {isa = PBXBuildFile; fileRef = 419DAD8327251BE500587380 /* Main.storyboard */; };
		419DAD8727251BEF00587380 /* Assets.xcassets in Resources */ = {isa = PBXBuildFile; fileRef = 419DAD8627251BEF00587380 /* Assets.xcassets */; };
		419DAD8A27251BEF00587380 /* LaunchScreen.storyboard in Resources */ = {isa = PBXBuildFile; fileRef = 419DAD8827251BEF00587380 /* LaunchScreen.storyboard */; };
		419DAD9D27251DC500587380 /* EditViewController.swift in Sources */ = {isa = PBXBuildFile; fileRef = 419DAD9C27251DC500587380 /* EditViewController.swift */; };
		419DADA127251E6700587380 /* Message.swift in Sources */ = {isa = PBXBuildFile; fileRef = 419DADA027251E6700587380 /* Message.swift */; };
/* End PBXBuildFile section */

/* Begin PBXFileReference section */
		419DAD7A27251BE500587380 /* NaviCon&Structur&Data.app */ = {isa = PBXFileReference; explicitFileType = wrapper.application; includeInIndex = 0; path = "NaviCon&Structur&Data.app"; sourceTree = BUILT_PRODUCTS_DIR; };
		419DAD7D27251BE500587380 /* AppDelegate.swift */ = {isa = PBXFileReference; lastKnownFileType = sourcecode.swift; path = AppDelegate.swift; sourceTree = "<group>"; };
		419DAD7F27251BE500587380 /* SceneDelegate.swift */ = {isa = PBXFileReference; lastKnownFileType = sourcecode.swift; path = SceneDelegate.swift; sourceTree = "<group>"; };
		419DAD8127251BE500587380 /* ViewController.swift */ = {isa = PBXFileReference; lastKnownFileType = sourcecode.swift; path = ViewController.swift; sourceTree = "<group>"; };
		419DAD8427251BE500587380 /* Base */ = {isa = PBXFileReference; lastKnownFileType = file.storyboard; name = Base; path = Base.lproj/Main.storyboard; sourceTree = "<group>"; };
		419DAD8627251BEF00587380 /* Assets.xcassets */ = {isa = PBXFileReference; lastKnownFileType = folder.assetcatalog; path = Assets.xcassets; sourceTree = "<group>"; };
		419DAD8927251BEF00587380 /* Base */ = {isa = PBXFileReference; lastKnownFileType = file.storyboard; name = Base; path = Base.lproj/LaunchScreen.storyboard; sourceTree = "<group>"; };
		419DAD8B27251BEF00587380 /* Info.plist */ = {isa = PBXFileReference; lastKnownFileType = text.plist.xml; path = Info.plist; sourceTree = "<group>"; };
		419DAD9C27251DC500587380 /* EditViewController.swift */ = {isa = PBXFileReference; lastKnownFileType = sourcecode.swift; path = EditViewController.swift; sourceTree = "<group>"; };
		419DADA027251E6700587380 /* Message.swift */ = {isa = PBXFileReference; lastKnownFileType = sourcecode.swift; path = Message.swift; sourceTree = "<group>"; };
/* End PBXFileReference section */

/* Begin PBXFrameworksBuildPhase section */
		419DAD7727251BE500587380 /* Frameworks */ = {
			isa = PBXFrameworksBuildPhase;
			buildActionMask = 2147483647;
			files = (
			);
			runOnlyForDeploymentPostprocessing = 0;
		};
/* End PBXFrameworksBuildPhase section */

/* Begin PBXGroup section */
		419DAD7127251BE500587380 = {
			isa = PBXGroup;
			children = (
				419DAD7C27251BE500587380 /* NaviCon&Structur&Data */,
				419DAD7B27251BE500587380 /* Products */,
			);
			sourceTree = "<group>";
		};
		419DAD7B27251BE500587380 /* Products */ = {
			isa = PBXGroup;
			children = (
				419DAD7A27251BE500587380 /* NaviCon&Structur&Data.app */,
			);
			name = Products;
			sourceTree = "<group>";
		};
		419DAD7C27251BE500587380 /* NaviCon&Structur&Data */ = {
			isa = PBXGroup;
			children = (
				419DAD7D27251BE500587380 /* AppDelegate.swift */,
				419DADA027251E6700587380 /* Message.swift */,
				419DAD7F27251BE500587380 /* SceneDelegate.swift */,
				419DAD8127251BE500587380 /* ViewController.swift */,
				419DAD9C27251DC500587380 /* EditViewController.swift */,
				419DAD8327251BE500587380 /* Main.storyboard */,
				419DAD8627251BEF00587380 /* Assets.xcassets */,
				419DAD8827251BEF00587380 /* LaunchScreen.storyboard */,
				419DAD8B27251BEF00587380 /* Info.plist */,
			);
			path = "NaviCon&Structur&Data";
			sourceTree = "<group>";
		};
/* End PBXGroup section */

/* Begin PBXNativeTarget section */
		419DAD7927251BE500587380 /* NaviCon&Structur&Data */ = {
			isa = PBXNativeTarget;
			buildConfigurationList = 419DAD8E27251BEF00587380 /* Build configuration list for PBXNativeTarget "NaviCon&Structur&Data" */;
			buildPhases = (
				419DAD7627251BE500587380 /* Sources */,
				419DAD7727251BE500587380 /* Frameworks */,
				419DAD7827251BE500587380 /* Resources */,
			);
			buildRules = (
			);
			dependencies = (
			);
			name = "NaviCon&Structur&Data";
			productName = "NaviCon&Structur&Data";
			productReference = 419DAD7A27251BE500587380 /* NaviCon&Structur&Data.app */;
			productType = "com.apple.product-type.application";
		};
/* End PBXNativeTarget section */

/* Begin PBXProject section */
		419DAD7227251BE500587380 /* Project object */ = {
			isa = PBXProject;
			attributes = {
				LastSwiftUpdateCheck = 1240;
				LastUpgradeCheck = 1240;
				TargetAttributes = {
					419DAD7927251BE500587380 = {
						CreatedOnToolsVersion = 12.4;
					};
				};
			};
			buildConfigurationList = 419DAD7527251BE500587380 /* Build configuration list for PBXProject "NaviCon&Structur&Data" */;
			compatibilityVersion = "Xcode 9.3";
			developmentRegion = en;
			hasScannedForEncodings = 0;
			knownRegions = (
				en,
				Base,
			);
			mainGroup = 419DAD7127251BE500587380;
			productRefGroup = 419DAD7B27251BE500587380 /* Products */;
			projectDirPath = "";
			projectRoot = "";
			targets = (
				419DAD7927251BE500587380 /* NaviCon&Structur&Data */,
			);
		};
/* End PBXProject section */

/* Begin PBXResourcesBuildPhase section */
		419DAD7827251BE500587380 /* Resources */ = {
			isa = PBXResourcesBuildPhase;
			buildActionMask = 2147483647;
			files = (
				419DAD8A27251BEF00587380 /* LaunchScreen.storyboard in Resources */,
				419DAD8727251BEF00587380 /* Assets.xcassets in Resources */,
				419DAD8527251BE500587380 /* Main.storyboard in Resources */,
			);
			runOnlyForDeploymentPostprocessing = 0;
		};
/* End PBXResourcesBuildPhase section */

/* Begin PBXSourcesBuildPhase section */
		419DAD7627251BE500587380 /* Sources */ = {
			isa = PBXSourcesBuildPhase;
			buildActionMask = 2147483647;
			files = (
				419DAD9D27251DC500587380 /* EditViewController.swift in Sources */,
				419DAD8227251BE500587380 /* ViewController.swift in Sources */,
				419DADA127251E6700587380 /* Message.swift in Sources */,
				419DAD7E27251BE500587380 /* AppDelegate.swift in Sources */,
				419DAD8027251BE500587380 /* SceneDelegate.swift in Sources */,
			);
			runOnlyForDeploymentPostprocessing = 0;
		};
/* End PBXSourcesBuildPhase section */

/* Begin PBXVariantGroup section */
		419DAD8327251BE500587380 /* Main.storyboard */ = {
			isa = PBXVariantGroup;
			children = (
				419DAD8427251BE500587380 /* Base */,
			);
			name = Main.storyboard;
			sourceTree = "<group>";
		};
		419DAD8827251BEF00587380 /* LaunchScreen.storyboard */ = {
			isa = PBXVariantGroup;
			children = (
				419DAD8927251BEF00587380 /* Base */,
			);
			name = LaunchScreen.storyboard;
			sourceTree = "<group>";
		};
/* End PBXVariantGroup section */

/* Begin XCBuildConfiguration section */
		419DAD8C27251BEF00587380 /* Debug */ = {
			isa = XCBuildConfiguration;
			buildSettings = {
				ALWAYS_SEARCH_USER_PATHS = NO;
				CLANG_ANALYZER_NONNULL = YES;
				CLANG_ANALYZER_NUMBER_OBJECT_CONVERSION = YES_AGGRESSIVE;
				CLANG_CXX_LANGUAGE_STANDARD = "gnu++14";
				CLANG_CXX_LIBRARY = "libc++";
				CLANG_ENABLE_MODULES = YES;
				CLANG_ENABLE_OBJC_ARC = YES;
				CLANG_ENABLE_OBJC_WEAK = YES;
				CLANG_WARN_BLOCK_CAPTURE_AUTORELEASING = YES;
				CLANG_WARN_BOOL_CONVERSION = YES;
				CLANG_WARN_COMMA = YES;
				CLANG_WARN_CONSTANT_CONVERSION = YES;
				CLANG_WARN_DEPRECATED_OBJC_IMPLEMENTATIONS = YES;
				CLANG_WARN_DIRECT_OBJC_ISA_USAGE = YES_ERROR;
				CLANG_WARN_DOCUMENTATION_COMMENTS = YES;
				CLANG_WARN_EMPTY_BODY = YES;
				CLANG_WARN_ENUM_CONVERSION = YES;
				CLANG_WARN_INFINITE_RECURSION = YES;
				CLANG_WARN_INT_CONVERSION = YES;
				CLANG_WARN_NON_LITERAL_NULL_CONVERSION = YES;
				CLANG_WARN_OBJC_IMPLICIT_RETAIN_SELF = YES;
				CLANG_WARN_OBJC_LITERAL_CONVERSION = YES;
				CLANG_WARN_OBJC_ROOT_CLASS = YES_ERROR;
				CLANG_WARN_QUOTED_INCLUDE_IN_FRAMEWORK_HEADER = YES;
				CLANG_WARN_RANGE_LOOP_ANALYSIS = YES;
				CLANG_WARN_STRICT_PROTOTYPES = YES;
				CLANG_WARN_SUSPICIOUS_MOVE = YES;
				CLANG_WARN_UNGUARDED_AVAILABILITY = YES_AGGRESSIVE;
				CLANG_WARN_UNREACHABLE_CODE = YES;
				CLANG_WARN__DUPLICATE_METHOD_MATCH = YES;
				COPY_PHASE_STRIP = NO;
				DEBUG_INFORMATION_FORMAT = dwarf;
				ENABLE_STRICT_OBJC_MSGSEND = YES;
				ENABLE_TESTABILITY = YES;
				GCC_C_LANGUAGE_STANDARD = gnu11;
				GCC_DYNAMIC_NO_PIC = NO;
				GCC_NO_COMMON_BLOCKS = YES;
				GCC_OPTIMIZATION_LEVEL = 0;
				GCC_PREPROCESSOR_DEFINITIONS = (
					"DEBUG=1",
					"$(inherited)",
				);
				GCC_WARN_64_TO_32_BIT_CONVERSION = YES;
				GCC_WARN_ABOUT_RETURN_TYPE = YES_ERROR;
				GCC_WARN_UNDECLARED_SELECTOR = YES;
				GCC_WARN_UNINITIALIZED_AUTOS = YES_AGGRESSIVE;
				GCC_WARN_UNUSED_FUNCTION = YES;
				GCC_WARN_UNUSED_VARIABLE = YES;
				IPHONEOS_DEPLOYMENT_TARGET = 14.4;
				MTL_ENABLE_DEBUG_INFO = INCLUDE_SOURCE;
				MTL_FAST_MATH = YES;
				ONLY_ACTIVE_ARCH = YES;
				SDKROOT = iphoneos;
				SWIFT_ACTIVE_COMPILATION_CONDITIONS = DEBUG;
				SWIFT_OPTIMIZATION_LEVEL = "-Onone";
			};
			name = Debug;
		};
		419DAD8D27251BEF00587380 /* Release */ = {
			isa = XCBuildConfiguration;
			buildSettings = {
				ALWAYS_SEARCH_USER_PATHS = NO;
				CLANG_ANALYZER_NONNULL = YES;
				CLANG_ANALYZER_NUMBER_OBJECT_CONVERSION = YES_AGGRESSIVE;
				CLANG_CXX_LANGUAGE_STANDARD = "gnu++14";
				CLANG_CXX_LIBRARY = "libc++";
				CLANG_ENABLE_MODULES = YES;
				CLANG_ENABLE_OBJC_ARC = YES;
				CLANG_ENABLE_OBJC_WEAK = YES;
				CLANG_WARN_BLOCK_CAPTURE_AUTORELEASING = YES;
				CLANG_WARN_BOOL_CONVERSION = YES;
				CLANG_WARN_COMMA = YES;
				CLANG_WARN_CONSTANT_CONVERSION = YES;
				CLANG_WARN_DEPRECATED_OBJC_IMPLEMENTATIONS = YES;
				CLANG_WARN_DIRECT_OBJC_ISA_USAGE = YES_ERROR;
				CLANG_WARN_DOCUMENTATION_COMMENTS = YES;
				CLANG_WARN_EMPTY_BODY = YES;
				CLANG_WARN_ENUM_CONVERSION = YES;
				CLANG_WARN_INFINITE_RECURSION = YES;
				CLANG_WARN_INT_CONVERSION = YES;
				CLANG_WARN_NON_LITERAL_NULL_CONVERSION = YES;
				CLANG_WARN_OBJC_IMPLICIT_RETAIN_SELF = YES;
				CLANG_WARN_OBJC_LITERAL_CONVERSION = YES;
				CLANG_WARN_OBJC_ROOT_CLASS = YES_ERROR;
				CLANG_WARN_QUOTED_INCLUDE_IN_FRAMEWORK_HEADER = YES;
				CLANG_WARN_RANGE_LOOP_ANALYSIS = YES;
				CLANG_WARN_STRICT_PROTOTYPES = YES;
				CLANG_WARN_SUSPICIOUS_MOVE = YES;
				CLANG_WARN_UNGUARDED_AVAILABILITY = YES_AGGRESSIVE;
				CLANG_WARN_UNREACHABLE_CODE = YES;
				CLANG_WARN__DUPLICATE_METHOD_MATCH = YES;
				COPY_PHASE_STRIP = NO;
				DEBUG_INFORMATION_FORMAT = "dwarf-with-dsym";
				ENABLE_NS_ASSERTIONS = NO;
				ENABLE_STRICT_OBJC_MSGSEND = YES;
				GCC_C_LANGUAGE_STANDARD = gnu11;
				GCC_NO_COMMON_BLOCKS = YES;
				GCC_WARN_64_TO_32_BIT_CONVERSION = YES;
				GCC_WARN_ABOUT_RETURN_TYPE = YES_ERROR;
				GCC_WARN_UNDECLARED_SELECTOR = YES;
				GCC_WARN_UNINITIALIZED_AUTOS = YES_AGGRESSIVE;
				GCC_WARN_UNUSED_FUNCTION = YES;
				GCC_WARN_UNUSED_VARIABLE = YES;
				IPHONEOS_DEPLOYMENT_TARGET = 14.4;
				MTL_ENABLE_DEBUG_INFO = NO;
				MTL_FAST_MATH = YES;
				SDKROOT = iphoneos;
				SWIFT_COMPILATION_MODE = wholemodule;
				SWIFT_OPTIMIZATION_LEVEL = "-O";
				VALIDATE_PRODUCT = YES;
			};
			name = Release;
		};
		419DAD8F27251BEF00587380 /* Debug */ = {
			isa = XCBuildConfiguration;
			buildSettings = {
				ASSETCATALOG_COMPILER_APPICON_NAME = AppIcon;
				ASSETCATALOG_COMPILER_GLOBAL_ACCENT_COLOR_NAME = AccentColor;
				CODE_SIGN_STYLE = Automatic;
				INFOPLIST_FILE = "NaviCon&Structur&Data/Info.plist";
				LD_RUNPATH_SEARCH_PATHS = (
					"$(inherited)",
					"@executable_path/Frameworks",
				);
				PRODUCT_BUNDLE_IDENTIFIER = "com.yourcompany.NaviCon-Structur-Data";
				PRODUCT_NAME = "$(TARGET_NAME)";
				SWIFT_VERSION = 5.0;
				TARGETED_DEVICE_FAMILY = "1,2";
			};
			name = Debug;
		};
		419DAD9027251BEF00587380 /* Release */ = {
			isa = XCBuildConfiguration;
			buildSettings = {
				ASSETCATALOG_COMPILER_APPICON_NAME = AppIcon;
				ASSETCATALOG_COMPILER_GLOBAL_ACCENT_COLOR_NAME = AccentColor;
				CODE_SIGN_STYLE = Automatic;
				INFOPLIST_FILE = "NaviCon&Structur&Data/Info.plist";
				LD_RUNPATH_SEARCH_PATHS = (
					"$(inherited)",
					"@executable_path/Frameworks",
				);
				PRODUCT_BUNDLE_IDENTIFIER = "com.yourcompany.NaviCon-Structur-Data";
				PRODUCT_NAME = "$(TARGET_NAME)";
				SWIFT_VERSION = 5.0;
				TARGETED_DEVICE_FAMILY = "1,2";
			};
			name = Release;
		};
/* End XCBuildConfiguration section */

/* Begin XCConfigurationList section */
		419DAD7527251BE500587380 /* Build configuration list for PBXProject "NaviCon&Structur&Data" */ = {
			isa = XCConfigurationList;
			buildConfigurations = (
				419DAD8C27251BEF00587380 /* Debug */,
				419DAD8D27251BEF00587380 /* Release */,
			);
			defaultConfigurationIsVisible = 0;
			defaultConfigurationName = Release;
		};
		419DAD8E27251BEF00587380 /* Build configuration list for PBXNativeTarget "NaviCon&Structur&Data" */ = {
			isa = XCConfigurationList;
			buildConfigurations = (
				419DAD8F27251BEF00587380 /* Debug */,
				419DAD9027251BEF00587380 /* Release */,
			);
			defaultConfigurationIsVisible = 0;
			defaultConfigurationName = Release;
		};
/* End XCConfigurationList section */
	};
	rootObject = 419DAD7227251BE500587380 /* Project object */;
}
