// !$*UTF8*$!
{
	archiveVersion = 1;
	classes = {
	};
	objectVersion = 50;
	objects = {

/* Begin PBXBuildFile section */
		419DAB30271A9AC700587380 /* AppDelegate.swift in Sources */ = {isa = PBXBuildFile; fileRef = 419DAB2F271A9AC700587380 /* AppDelegate.swift */; };
		419DAB32271A9AC700587380 /* SceneDelegate.swift in Sources */ = {isa = PBXBuildFile; fileRef = 419DAB31271A9AC700587380 /* SceneDelegate.swift */; };
		419DAB37271A9AC700587380 /* Main.storyboard in Resources */ = {isa = PBXBuildFile; fileRef = 419DAB35271A9AC700587380 /* Main.storyboard */; };
		419DAB39271A9ACF00587380 /* Assets.xcassets in Resources */ = {isa = PBXBuildFile; fileRef = 419DAB38271A9ACF00587380 /* Assets.xcassets */; };
		419DAB3C271A9ACF00587380 /* LaunchScreen.storyboard in Resources */ = {isa = PBXBuildFile; fileRef = 419DAB3A271A9ACF00587380 /* LaunchScreen.storyboard */; };
		419DAB47271A9B9900587380 /* ViewController.swift in Sources */ = {isa = PBXBuildFile; fileRef = 419DAB46271A9B9900587380 /* ViewController.swift */; };
/* End PBXBuildFile section */

/* Begin PBXFileReference section */
		419DAB2C271A9AC700587380 /* Quiz10.app */ = {isa = PBXFileReference; explicitFileType = wrapper.application; includeInIndex = 0; path = Quiz10.app; sourceTree = BUILT_PRODUCTS_DIR; };
		419DAB2F271A9AC700587380 /* AppDelegate.swift */ = {isa = PBXFileReference; lastKnownFileType = sourcecode.swift; path = AppDelegate.swift; sourceTree = "<group>"; };
		419DAB31271A9AC700587380 /* SceneDelegate.swift */ = {isa = PBXFileReference; lastKnownFileType = sourcecode.swift; path = SceneDelegate.swift; sourceTree = "<group>"; };
		419DAB36271A9AC700587380 /* Base */ = {isa = PBXFileReference; lastKnownFileType = file.storyboard; name = Base; path = Base.lproj/Main.storyboard; sourceTree = "<group>"; };
		419DAB38271A9ACF00587380 /* Assets.xcassets */ = {isa = PBXFileReference; lastKnownFileType = folder.assetcatalog; path = Assets.xcassets; sourceTree = "<group>"; };
		419DAB3B271A9ACF00587380 /* Base */ = {isa = PBXFileReference; lastKnownFileType = file.storyboard; name = Base; path = Base.lproj/LaunchScreen.storyboard; sourceTree = "<group>"; };
		419DAB3D271A9ACF00587380 /* Info.plist */ = {isa = PBXFileReference; lastKnownFileType = text.plist.xml; path = Info.plist; sourceTree = "<group>"; };
		419DAB46271A9B9900587380 /* ViewController.swift */ = {isa = PBXFileReference; fileEncoding = 4; lastKnownFileType = sourcecode.swift; name = ViewController.swift; path = ../../Quiz07/Quiz07/ViewController.swift; sourceTree = "<group>"; };
/* End PBXFileReference section */

/* Begin PBXFrameworksBuildPhase section */
		419DAB29271A9AC700587380 /* Frameworks */ = {
			isa = PBXFrameworksBuildPhase;
			buildActionMask = 2147483647;
			files = (
			);
			runOnlyForDeploymentPostprocessing = 0;
		};
/* End PBXFrameworksBuildPhase section */

/* Begin PBXGroup section */
		419DAB23271A9AC700587380 = {
			isa = PBXGroup;
			children = (
				419DAB2E271A9AC700587380 /* Quiz10 */,
				419DAB2D271A9AC700587380 /* Products */,
			);
			sourceTree = "<group>";
		};
		419DAB2D271A9AC700587380 /* Products */ = {
			isa = PBXGroup;
			children = (
				419DAB2C271A9AC700587380 /* Quiz10.app */,
			);
			name = Products;
			sourceTree = "<group>";
		};
		419DAB2E271A9AC700587380 /* Quiz10 */ = {
			isa = PBXGroup;
			children = (
				419DAB2F271A9AC700587380 /* AppDelegate.swift */,
				419DAB31271A9AC700587380 /* SceneDelegate.swift */,
				419DAB35271A9AC700587380 /* Main.storyboard */,
				419DAB46271A9B9900587380 /* ViewController.swift */,
				419DAB38271A9ACF00587380 /* Assets.xcassets */,
				419DAB3A271A9ACF00587380 /* LaunchScreen.storyboard */,
				419DAB3D271A9ACF00587380 /* Info.plist */,
			);
			path = Quiz10;
			sourceTree = "<group>";
		};
/* End PBXGroup section */

/* Begin PBXNativeTarget section */
		419DAB2B271A9AC700587380 /* Quiz10 */ = {
			isa = PBXNativeTarget;
			buildConfigurationList = 419DAB40271A9ACF00587380 /* Build configuration list for PBXNativeTarget "Quiz10" */;
			buildPhases = (
				419DAB28271A9AC700587380 /* Sources */,
				419DAB29271A9AC700587380 /* Frameworks */,
				419DAB2A271A9AC700587380 /* Resources */,
			);
			buildRules = (
			);
			dependencies = (
			);
			name = Quiz10;
			productName = Quiz10;
			productReference = 419DAB2C271A9AC700587380 /* Quiz10.app */;
			productType = "com.apple.product-type.application";
		};
/* End PBXNativeTarget section */

/* Begin PBXProject section */
		419DAB24271A9AC700587380 /* Project object */ = {
			isa = PBXProject;
			attributes = {
				LastSwiftUpdateCheck = 1240;
				LastUpgradeCheck = 1240;
				TargetAttributes = {
					419DAB2B271A9AC700587380 = {
						CreatedOnToolsVersion = 12.4;
					};
				};
			};
			buildConfigurationList = 419DAB27271A9AC700587380 /* Build configuration list for PBXProject "Quiz10" */;
			compatibilityVersion = "Xcode 9.3";
			developmentRegion = en;
			hasScannedForEncodings = 0;
			knownRegions = (
				en,
				Base,
			);
			mainGroup = 419DAB23271A9AC700587380;
			productRefGroup = 419DAB2D271A9AC700587380 /* Products */;
			projectDirPath = "";
			projectRoot = "";
			targets = (
				419DAB2B271A9AC700587380 /* Quiz10 */,
			);
		};
/* End PBXProject section */

/* Begin PBXResourcesBuildPhase section */
		419DAB2A271A9AC700587380 /* Resources */ = {
			isa = PBXResourcesBuildPhase;
			buildActionMask = 2147483647;
			files = (
				419DAB3C271A9ACF00587380 /* LaunchScreen.storyboard in Resources */,
				419DAB39271A9ACF00587380 /* Assets.xcassets in Resources */,
				419DAB37271A9AC700587380 /* Main.storyboard in Resources */,
			);
			runOnlyForDeploymentPostprocessing = 0;
		};
/* End PBXResourcesBuildPhase section */

/* Begin PBXSourcesBuildPhase section */
		419DAB28271A9AC700587380 /* Sources */ = {
			isa = PBXSourcesBuildPhase;
			buildActionMask = 2147483647;
			files = (
				419DAB47271A9B9900587380 /* ViewController.swift in Sources */,
				419DAB30271A9AC700587380 /* AppDelegate.swift in Sources */,
				419DAB32271A9AC700587380 /* SceneDelegate.swift in Sources */,
			);
			runOnlyForDeploymentPostprocessing = 0;
		};
/* End PBXSourcesBuildPhase section */

/* Begin PBXVariantGroup section */
		419DAB35271A9AC700587380 /* Main.storyboard */ = {
			isa = PBXVariantGroup;
			children = (
				419DAB36271A9AC700587380 /* Base */,
			);
			name = Main.storyboard;
			sourceTree = "<group>";
		};
		419DAB3A271A9ACF00587380 /* LaunchScreen.storyboard */ = {
			isa = PBXVariantGroup;
			children = (
				419DAB3B271A9ACF00587380 /* Base */,
			);
			name = LaunchScreen.storyboard;
			sourceTree = "<group>";
		};
/* End PBXVariantGroup section */

/* Begin XCBuildConfiguration section */
		419DAB3E271A9ACF00587380 /* Debug */ = {
			isa = XCBuildConfiguration;
			buildSettings = {
				ALWAYS_SEARCH_USER_PATHS = NO;
				CLANG_ANALYZER_NONNULL = YES;
				CLANG_ANALYZER_NUMBER_OBJECT_CONVERSION = YES_AGGRESSIVE;
				CLANG_CXX_LANGUAGE_STANDARD = "gnu++14";
				CLANG_CXX_LIBRARY = "libc++";
				CLANG_ENABLE_MODULES = YES;
				CLANG_ENABLE_OBJC_ARC = YES;
				CLANG_ENABLE_OBJC_WEAK = YES;
				CLANG_WARN_BLOCK_CAPTURE_AUTORELEASING = YES;
				CLANG_WARN_BOOL_CONVERSION = YES;
				CLANG_WARN_COMMA = YES;
				CLANG_WARN_CONSTANT_CONVERSION = YES;
				CLANG_WARN_DEPRECATED_OBJC_IMPLEMENTATIONS = YES;
				CLANG_WARN_DIRECT_OBJC_ISA_USAGE = YES_ERROR;
				CLANG_WARN_DOCUMENTATION_COMMENTS = YES;
				CLANG_WARN_EMPTY_BODY = YES;
				CLANG_WARN_ENUM_CONVERSION = YES;
				CLANG_WARN_INFINITE_RECURSION = YES;
				CLANG_WARN_INT_CONVERSION = YES;
				CLANG_WARN_NON_LITERAL_NULL_CONVERSION = YES;
				CLANG_WARN_OBJC_IMPLICIT_RETAIN_SELF = YES;
				CLANG_WARN_OBJC_LITERAL_CONVERSION = YES;
				CLANG_WARN_OBJC_ROOT_CLASS = YES_ERROR;
				CLANG_WARN_QUOTED_INCLUDE_IN_FRAMEWORK_HEADER = YES;
				CLANG_WARN_RANGE_LOOP_ANALYSIS = YES;
				CLANG_WARN_STRICT_PROTOTYPES = YES;
				CLANG_WARN_SUSPICIOUS_MOVE = YES;
				CLANG_WARN_UNGUARDED_AVAILABILITY = YES_AGGRESSIVE;
				CLANG_WARN_UNREACHABLE_CODE = YES;
				CLANG_WARN__DUPLICATE_METHOD_MATCH = YES;
				COPY_PHASE_STRIP = NO;
				DEBUG_INFORMATION_FORMAT = dwarf;
				ENABLE_STRICT_OBJC_MSGSEND = YES;
				ENABLE_TESTABILITY = YES;
				GCC_C_LANGUAGE_STANDARD = gnu11;
				GCC_DYNAMIC_NO_PIC = NO;
				GCC_NO_COMMON_BLOCKS = YES;
				GCC_OPTIMIZATION_LEVEL = 0;
				GCC_PREPROCESSOR_DEFINITIONS = (
					"DEBUG=1",
					"$(inherited)",
				);
				GCC_WARN_64_TO_32_BIT_CONVERSION = YES;
				GCC_WARN_ABOUT_RETURN_TYPE = YES_ERROR;
				GCC_WARN_UNDECLARED_SELECTOR = YES;
				GCC_WARN_UNINITIALIZED_AUTOS = YES_AGGRESSIVE;
				GCC_WARN_UNUSED_FUNCTION = YES;
				GCC_WARN_UNUSED_VARIABLE = YES;
				IPHONEOS_DEPLOYMENT_TARGET = 14.4;
				MTL_ENABLE_DEBUG_INFO = INCLUDE_SOURCE;
				MTL_FAST_MATH = YES;
				ONLY_ACTIVE_ARCH = YES;
				SDKROOT = iphoneos;
				SWIFT_ACTIVE_COMPILATION_CONDITIONS = DEBUG;
				SWIFT_OPTIMIZATION_LEVEL = "-Onone";
			};
			name = Debug;
		};
		419DAB3F271A9ACF00587380 /* Release */ = {
			isa = XCBuildConfiguration;
			buildSettings = {
				ALWAYS_SEARCH_USER_PATHS = NO;
				CLANG_ANALYZER_NONNULL = YES;
				CLANG_ANALYZER_NUMBER_OBJECT_CONVERSION = YES_AGGRESSIVE;
				CLANG_CXX_LANGUAGE_STANDARD = "gnu++14";
				CLANG_CXX_LIBRARY = "libc++";
				CLANG_ENABLE_MODULES = YES;
				CLANG_ENABLE_OBJC_ARC = YES;
				CLANG_ENABLE_OBJC_WEAK = YES;
				CLANG_WARN_BLOCK_CAPTURE_AUTORELEASING = YES;
				CLANG_WARN_BOOL_CONVERSION = YES;
				CLANG_WARN_COMMA = YES;
				CLANG_WARN_CONSTANT_CONVERSION = YES;
				CLANG_WARN_DEPRECATED_OBJC_IMPLEMENTATIONS = YES;
				CLANG_WARN_DIRECT_OBJC_ISA_USAGE = YES_ERROR;
				CLANG_WARN_DOCUMENTATION_COMMENTS = YES;
				CLANG_WARN_EMPTY_BODY = YES;
				CLANG_WARN_ENUM_CONVERSION = YES;
				CLANG_WARN_INFINITE_RECURSION = YES;
				CLANG_WARN_INT_CONVERSION = YES;
				CLANG_WARN_NON_LITERAL_NULL_CONVERSION = YES;
				CLANG_WARN_OBJC_IMPLICIT_RETAIN_SELF = YES;
				CLANG_WARN_OBJC_LITERAL_CONVERSION = YES;
				CLANG_WARN_OBJC_ROOT_CLASS = YES_ERROR;
				CLANG_WARN_QUOTED_INCLUDE_IN_FRAMEWORK_HEADER = YES;
				CLANG_WARN_RANGE_LOOP_ANALYSIS = YES;
				CLANG_WARN_STRICT_PROTOTYPES = YES;
				CLANG_WARN_SUSPICIOUS_MOVE = YES;
				CLANG_WARN_UNGUARDED_AVAILABILITY = YES_AGGRESSIVE;
				CLANG_WARN_UNREACHABLE_CODE = YES;
				CLANG_WARN__DUPLICATE_METHOD_MATCH = YES;
				COPY_PHASE_STRIP = NO;
				DEBUG_INFORMATION_FORMAT = "dwarf-with-dsym";
				ENABLE_NS_ASSERTIONS = NO;
				ENABLE_STRICT_OBJC_MSGSEND = YES;
				GCC_C_LANGUAGE_STANDARD = gnu11;
				GCC_NO_COMMON_BLOCKS = YES;
				GCC_WARN_64_TO_32_BIT_CONVERSION = YES;
				GCC_WARN_ABOUT_RETURN_TYPE = YES_ERROR;
				GCC_WARN_UNDECLARED_SELECTOR = YES;
				GCC_WARN_UNINITIALIZED_AUTOS = YES_AGGRESSIVE;
				GCC_WARN_UNUSED_FUNCTION = YES;
				GCC_WARN_UNUSED_VARIABLE = YES;
				IPHONEOS_DEPLOYMENT_TARGET = 14.4;
				MTL_ENABLE_DEBUG_INFO = NO;
				MTL_FAST_MATH = YES;
				SDKROOT = iphoneos;
				SWIFT_COMPILATION_MODE = wholemodule;
				SWIFT_OPTIMIZATION_LEVEL = "-O";
				VALIDATE_PRODUCT = YES;
			};
			name = Release;
		};
		419DAB41271A9ACF00587380 /* Debug */ = {
			isa = XCBuildConfiguration;
			buildSettings = {
				ASSETCATALOG_COMPILER_APPICON_NAME = AppIcon;
				ASSETCATALOG_COMPILER_GLOBAL_ACCENT_COLOR_NAME = AccentColor;
				CODE_SIGN_STYLE = Automatic;
				INFOPLIST_FILE = Quiz10/Info.plist;
				LD_RUNPATH_SEARCH_PATHS = (
					"$(inherited)",
					"@executable_path/Frameworks",
				);
				PRODUCT_BUNDLE_IDENTIFIER = com.yourcompany.Quiz10;
				PRODUCT_NAME = "$(TARGET_NAME)";
				SWIFT_VERSION = 5.0;
				TARGETED_DEVICE_FAMILY = "1,2";
			};
			name = Debug;
		};
		419DAB42271A9ACF00587380 /* Release */ = {
			isa = XCBuildConfiguration;
			buildSettings = {
				ASSETCATALOG_COMPILER_APPICON_NAME = AppIcon;
				ASSETCATALOG_COMPILER_GLOBAL_ACCENT_COLOR_NAME = AccentColor;
				CODE_SIGN_STYLE = Automatic;
				INFOPLIST_FILE = Quiz10/Info.plist;
				LD_RUNPATH_SEARCH_PATHS = (
					"$(inherited)",
					"@executable_path/Frameworks",
				);
				PRODUCT_BUNDLE_IDENTIFIER = com.yourcompany.Quiz10;
				PRODUCT_NAME = "$(TARGET_NAME)";
				SWIFT_VERSION = 5.0;
				TARGETED_DEVICE_FAMILY = "1,2";
			};
			name = Release;
		};
/* End XCBuildConfiguration section */

/* Begin XCConfigurationList section */
		419DAB27271A9AC700587380 /* Build configuration list for PBXProject "Quiz10" */ = {
			isa = XCConfigurationList;
			buildConfigurations = (
				419DAB3E271A9ACF00587380 /* Debug */,
				419DAB3F271A9ACF00587380 /* Release */,
			);
			defaultConfigurationIsVisible = 0;
			defaultConfigurationName = Release;
		};
		419DAB40271A9ACF00587380 /* Build configuration list for PBXNativeTarget "Quiz10" */ = {
			isa = XCConfigurationList;
			buildConfigurations = (
				419DAB41271A9ACF00587380 /* Debug */,
				419DAB42271A9ACF00587380 /* Release */,
			);
			defaultConfigurationIsVisible = 0;
			defaultConfigurationName = Release;
		};
/* End XCConfigurationList section */
	};
	rootObject = 419DAB24271A9AC700587380 /* Project object */;
}
