// !$*UTF8*$!
{
	archiveVersion = 1;
	classes = {
	};
	objectVersion = 50;
	objects = {

/* Begin PBXBuildFile section */
		419DAB56271A9ED900587380 /* AppDelegate.swift in Sources */ = {isa = PBXBuildFile; fileRef = 419DAB55271A9ED900587380 /* AppDelegate.swift */; };
		419DAB58271A9ED900587380 /* SceneDelegate.swift in Sources */ = {isa = PBXBuildFile; fileRef = 419DAB57271A9ED900587380 /* SceneDelegate.swift */; };
		419DAB5A271A9ED900587380 /* ViewController.swift in Sources */ = {isa = PBXBuildFile; fileRef = 419DAB59271A9ED900587380 /* ViewController.swift */; };
		419DAB5D271A9ED900587380 /* Main.storyboard in Resources */ = {isa = PBXBuildFile; fileRef = 419DAB5B271A9ED900587380 /* Main.storyboard */; };
		419DAB5F271A9EE300587380 /* Assets.xcassets in Resources */ = {isa = PBXBuildFile; fileRef = 419DAB5E271A9EE300587380 /* Assets.xcassets */; };
		419DAB62271A9EE300587380 /* LaunchScreen.storyboard in Resources */ = {isa = PBXBuildFile; fileRef = 419DAB60271A9EE300587380 /* LaunchScreen.storyboard */; };
		419DAB6B271AA99C00587380 /* ViewController2.swift in Sources */ = {isa = PBXBuildFile; fileRef = 419DAB6A271AA99C00587380 /* ViewController2.swift */; };
/* End PBXBuildFile section */

/* Begin PBXFileReference section */
		419DAB52271A9ED900587380 /* random gugudan.app */ = {isa = PBXFileReference; explicitFileType = wrapper.application; includeInIndex = 0; path = "random gugudan.app"; sourceTree = BUILT_PRODUCTS_DIR; };
		419DAB55271A9ED900587380 /* AppDelegate.swift */ = {isa = PBXFileReference; lastKnownFileType = sourcecode.swift; path = AppDelegate.swift; sourceTree = "<group>"; };
		419DAB57271A9ED900587380 /* SceneDelegate.swift */ = {isa = PBXFileReference; lastKnownFileType = sourcecode.swift; path = SceneDelegate.swift; sourceTree = "<group>"; };
		419DAB59271A9ED900587380 /* ViewController.swift */ = {isa = PBXFileReference; lastKnownFileType = sourcecode.swift; path = ViewController.swift; sourceTree = "<group>"; };
		419DAB5C271A9ED900587380 /* Base */ = {isa = PBXFileReference; lastKnownFileType = file.storyboard; name = Base; path = Base.lproj/Main.storyboard; sourceTree = "<group>"; };
		419DAB5E271A9EE300587380 /* Assets.xcassets */ = {isa = PBXFileReference; lastKnownFileType = folder.assetcatalog; path = Assets.xcassets; sourceTree = "<group>"; };
		419DAB61271A9EE300587380 /* Base */ = {isa = PBXFileReference; lastKnownFileType = file.storyboard; name = Base; path = Base.lproj/LaunchScreen.storyboard; sourceTree = "<group>"; };
		419DAB63271A9EE300587380 /* Info.plist */ = {isa = PBXFileReference; lastKnownFileType = text.plist.xml; path = Info.plist; sourceTree = "<group>"; };
		419DAB6A271AA99C00587380 /* ViewController2.swift */ = {isa = PBXFileReference; lastKnownFileType = sourcecode.swift; path = ViewController2.swift; sourceTree = "<group>"; };
/* End PBXFileReference section */

/* Begin PBXFrameworksBuildPhase section */
		419DAB4F271A9ED900587380 /* Frameworks */ = {
			isa = PBXFrameworksBuildPhase;
			buildActionMask = 2147483647;
			files = (
			);
			runOnlyForDeploymentPostprocessing = 0;
		};
/* End PBXFrameworksBuildPhase section */

/* Begin PBXGroup section */
		419DAB49271A9ED900587380 = {
			isa = PBXGroup;
			children = (
				419DAB54271A9ED900587380 /* random gugudan */,
				419DAB53271A9ED900587380 /* Products */,
			);
			sourceTree = "<group>";
		};
		419DAB53271A9ED900587380 /* Products */ = {
			isa = PBXGroup;
			children = (
				419DAB52271A9ED900587380 /* random gugudan.app */,
			);
			name = Products;
			sourceTree = "<group>";
		};
		419DAB54271A9ED900587380 /* random gugudan */ = {
			isa = PBXGroup;
			children = (
				419DAB55271A9ED900587380 /* AppDelegate.swift */,
				419DAB57271A9ED900587380 /* SceneDelegate.swift */,
				419DAB59271A9ED900587380 /* ViewController.swift */,
				419DAB6A271AA99C00587380 /* ViewController2.swift */,
				419DAB5B271A9ED900587380 /* Main.storyboard */,
				419DAB5E271A9EE300587380 /* Assets.xcassets */,
				419DAB60271A9EE300587380 /* LaunchScreen.storyboard */,
				419DAB63271A9EE300587380 /* Info.plist */,
			);
			path = "random gugudan";
			sourceTree = "<group>";
		};
/* End PBXGroup section */

/* Begin PBXNativeTarget section */
		419DAB51271A9ED900587380 /* random gugudan */ = {
			isa = PBXNativeTarget;
			buildConfigurationList = 419DAB66271A9EE300587380 /* Build configuration list for PBXNativeTarget "random gugudan" */;
			buildPhases = (
				419DAB4E271A9ED900587380 /* Sources */,
				419DAB4F271A9ED900587380 /* Frameworks */,
				419DAB50271A9ED900587380 /* Resources */,
			);
			buildRules = (
			);
			dependencies = (
			);
			name = "random gugudan";
			productName = "random gugudan";
			productReference = 419DAB52271A9ED900587380 /* random gugudan.app */;
			productType = "com.apple.product-type.application";
		};
/* End PBXNativeTarget section */

/* Begin PBXProject section */
		419DAB4A271A9ED900587380 /* Project object */ = {
			isa = PBXProject;
			attributes = {
				LastSwiftUpdateCheck = 1240;
				LastUpgradeCheck = 1240;
				TargetAttributes = {
					419DAB51271A9ED900587380 = {
						CreatedOnToolsVersion = 12.4;
					};
				};
			};
			buildConfigurationList = 419DAB4D271A9ED900587380 /* Build configuration list for PBXProject "random gugudan" */;
			compatibilityVersion = "Xcode 9.3";
			developmentRegion = en;
			hasScannedForEncodings = 0;
			knownRegions = (
				en,
				Base,
			);
			mainGroup = 419DAB49271A9ED900587380;
			productRefGroup = 419DAB53271A9ED900587380 /* Products */;
			projectDirPath = "";
			projectRoot = "";
			targets = (
				419DAB51271A9ED900587380 /* random gugudan */,
			);
		};
/* End PBXProject section */

/* Begin PBXResourcesBuildPhase section */
		419DAB50271A9ED900587380 /* Resources */ = {
			isa = PBXResourcesBuildPhase;
			buildActionMask = 2147483647;
			files = (
				419DAB62271A9EE300587380 /* LaunchScreen.storyboard in Resources */,
				419DAB5F271A9EE300587380 /* Assets.xcassets in Resources */,
				419DAB5D271A9ED900587380 /* Main.storyboard in Resources */,
			);
			runOnlyForDeploymentPostprocessing = 0;
		};
/* End PBXResourcesBuildPhase section */

/* Begin PBXSourcesBuildPhase section */
		419DAB4E271A9ED900587380 /* Sources */ = {
			isa = PBXSourcesBuildPhase;
			buildActionMask = 2147483647;
			files = (
				419DAB5A271A9ED900587380 /* ViewController.swift in Sources */,
				419DAB6B271AA99C00587380 /* ViewController2.swift in Sources */,
				419DAB56271A9ED900587380 /* AppDelegate.swift in Sources */,
				419DAB58271A9ED900587380 /* SceneDelegate.swift in Sources */,
			);
			runOnlyForDeploymentPostprocessing = 0;
		};
/* End PBXSourcesBuildPhase section */

/* Begin PBXVariantGroup section */
		419DAB5B271A9ED900587380 /* Main.storyboard */ = {
			isa = PBXVariantGroup;
			children = (
				419DAB5C271A9ED900587380 /* Base */,
			);
			name = Main.storyboard;
			sourceTree = "<group>";
		};
		419DAB60271A9EE300587380 /* LaunchScreen.storyboard */ = {
			isa = PBXVariantGroup;
			children = (
				419DAB61271A9EE300587380 /* Base */,
			);
			name = LaunchScreen.storyboard;
			sourceTree = "<group>";
		};
/* End PBXVariantGroup section */

/* Begin XCBuildConfiguration section */
		419DAB64271A9EE300587380 /* Debug */ = {
			isa = XCBuildConfiguration;
			buildSettings = {
				ALWAYS_SEARCH_USER_PATHS = NO;
				CLANG_ANALYZER_NONNULL = YES;
				CLANG_ANALYZER_NUMBER_OBJECT_CONVERSION = YES_AGGRESSIVE;
				CLANG_CXX_LANGUAGE_STANDARD = "gnu++14";
				CLANG_CXX_LIBRARY = "libc++";
				CLANG_ENABLE_MODULES = YES;
				CLANG_ENABLE_OBJC_ARC = YES;
				CLANG_ENABLE_OBJC_WEAK = YES;
				CLANG_WARN_BLOCK_CAPTURE_AUTORELEASING = YES;
				CLANG_WARN_BOOL_CONVERSION = YES;
				CLANG_WARN_COMMA = YES;
				CLANG_WARN_CONSTANT_CONVERSION = YES;
				CLANG_WARN_DEPRECATED_OBJC_IMPLEMENTATIONS = YES;
				CLANG_WARN_DIRECT_OBJC_ISA_USAGE = YES_ERROR;
				CLANG_WARN_DOCUMENTATION_COMMENTS = YES;
				CLANG_WARN_EMPTY_BODY = YES;
				CLANG_WARN_ENUM_CONVERSION = YES;
				CLANG_WARN_INFINITE_RECURSION = YES;
				CLANG_WARN_INT_CONVERSION = YES;
				CLANG_WARN_NON_LITERAL_NULL_CONVERSION = YES;
				CLANG_WARN_OBJC_IMPLICIT_RETAIN_SELF = YES;
				CLANG_WARN_OBJC_LITERAL_CONVERSION = YES;
				CLANG_WARN_OBJC_ROOT_CLASS = YES_ERROR;
				CLANG_WARN_QUOTED_INCLUDE_IN_FRAMEWORK_HEADER = YES;
				CLANG_WARN_RANGE_LOOP_ANALYSIS = YES;
				CLANG_WARN_STRICT_PROTOTYPES = YES;
				CLANG_WARN_SUSPICIOUS_MOVE = YES;
				CLANG_WARN_UNGUARDED_AVAILABILITY = YES_AGGRESSIVE;
				CLANG_WARN_UNREACHABLE_CODE = YES;
				CLANG_WARN__DUPLICATE_METHOD_MATCH = YES;
				COPY_PHASE_STRIP = NO;
				DEBUG_INFORMATION_FORMAT = dwarf;
				ENABLE_STRICT_OBJC_MSGSEND = YES;
				ENABLE_TESTABILITY = YES;
				GCC_C_LANGUAGE_STANDARD = gnu11;
				GCC_DYNAMIC_NO_PIC = NO;
				GCC_NO_COMMON_BLOCKS = YES;
				GCC_OPTIMIZATION_LEVEL = 0;
				GCC_PREPROCESSOR_DEFINITIONS = (
					"DEBUG=1",
					"$(inherited)",
				);
				GCC_WARN_64_TO_32_BIT_CONVERSION = YES;
				GCC_WARN_ABOUT_RETURN_TYPE = YES_ERROR;
				GCC_WARN_UNDECLARED_SELECTOR = YES;
				GCC_WARN_UNINITIALIZED_AUTOS = YES_AGGRESSIVE;
				GCC_WARN_UNUSED_FUNCTION = YES;
				GCC_WARN_UNUSED_VARIABLE = YES;
				IPHONEOS_DEPLOYMENT_TARGET = 14.4;
				MTL_ENABLE_DEBUG_INFO = INCLUDE_SOURCE;
				MTL_FAST_MATH = YES;
				ONLY_ACTIVE_ARCH = YES;
				SDKROOT = iphoneos;
				SWIFT_ACTIVE_COMPILATION_CONDITIONS = DEBUG;
				SWIFT_OPTIMIZATION_LEVEL = "-Onone";
			};
			name = Debug;
		};
		419DAB65271A9EE300587380 /* Release */ = {
			isa = XCBuildConfiguration;
			buildSettings = {
				ALWAYS_SEARCH_USER_PATHS = NO;
				CLANG_ANALYZER_NONNULL = YES;
				CLANG_ANALYZER_NUMBER_OBJECT_CONVERSION = YES_AGGRESSIVE;
				CLANG_CXX_LANGUAGE_STANDARD = "gnu++14";
				CLANG_CXX_LIBRARY = "libc++";
				CLANG_ENABLE_MODULES = YES;
				CLANG_ENABLE_OBJC_ARC = YES;
				CLANG_ENABLE_OBJC_WEAK = YES;
				CLANG_WARN_BLOCK_CAPTURE_AUTORELEASING = YES;
				CLANG_WARN_BOOL_CONVERSION = YES;
				CLANG_WARN_COMMA = YES;
				CLANG_WARN_CONSTANT_CONVERSION = YES;
				CLANG_WARN_DEPRECATED_OBJC_IMPLEMENTATIONS = YES;
				CLANG_WARN_DIRECT_OBJC_ISA_USAGE = YES_ERROR;
				CLANG_WARN_DOCUMENTATION_COMMENTS = YES;
				CLANG_WARN_EMPTY_BODY = YES;
				CLANG_WARN_ENUM_CONVERSION = YES;
				CLANG_WARN_INFINITE_RECURSION = YES;
				CLANG_WARN_INT_CONVERSION = YES;
				CLANG_WARN_NON_LITERAL_NULL_CONVERSION = YES;
				CLANG_WARN_OBJC_IMPLICIT_RETAIN_SELF = YES;
				CLANG_WARN_OBJC_LITERAL_CONVERSION = YES;
				CLANG_WARN_OBJC_ROOT_CLASS = YES_ERROR;
				CLANG_WARN_QUOTED_INCLUDE_IN_FRAMEWORK_HEADER = YES;
				CLANG_WARN_RANGE_LOOP_ANALYSIS = YES;
				CLANG_WARN_STRICT_PROTOTYPES = YES;
				CLANG_WARN_SUSPICIOUS_MOVE = YES;
				CLANG_WARN_UNGUARDED_AVAILABILITY = YES_AGGRESSIVE;
				CLANG_WARN_UNREACHABLE_CODE = YES;
				CLANG_WARN__DUPLICATE_METHOD_MATCH = YES;
				COPY_PHASE_STRIP = NO;
				DEBUG_INFORMATION_FORMAT = "dwarf-with-dsym";
				ENABLE_NS_ASSERTIONS = NO;
				ENABLE_STRICT_OBJC_MSGSEND = YES;
				GCC_C_LANGUAGE_STANDARD = gnu11;
				GCC_NO_COMMON_BLOCKS = YES;
				GCC_WARN_64_TO_32_BIT_CONVERSION = YES;
				GCC_WARN_ABOUT_RETURN_TYPE = YES_ERROR;
				GCC_WARN_UNDECLARED_SELECTOR = YES;
				GCC_WARN_UNINITIALIZED_AUTOS = YES_AGGRESSIVE;
				GCC_WARN_UNUSED_FUNCTION = YES;
				GCC_WARN_UNUSED_VARIABLE = YES;
				IPHONEOS_DEPLOYMENT_TARGET = 14.4;
				MTL_ENABLE_DEBUG_INFO = NO;
				MTL_FAST_MATH = YES;
				SDKROOT = iphoneos;
				SWIFT_COMPILATION_MODE = wholemodule;
				SWIFT_OPTIMIZATION_LEVEL = "-O";
				VALIDATE_PRODUCT = YES;
			};
			name = Release;
		};
		419DAB67271A9EE300587380 /* Debug */ = {
			isa = XCBuildConfiguration;
			buildSettings = {
				ASSETCATALOG_COMPILER_APPICON_NAME = AppIcon;
				ASSETCATALOG_COMPILER_GLOBAL_ACCENT_COLOR_NAME = AccentColor;
				CODE_SIGN_STYLE = Automatic;
				INFOPLIST_FILE = "random gugudan/Info.plist";
				LD_RUNPATH_SEARCH_PATHS = (
					"$(inherited)",
					"@executable_path/Frameworks",
				);
				PRODUCT_BUNDLE_IDENTIFIER = "com.yourcompany.random-gugudan";
				PRODUCT_NAME = "$(TARGET_NAME)";
				SWIFT_VERSION = 5.0;
				TARGETED_DEVICE_FAMILY = "1,2";
			};
			name = Debug;
		};
		419DAB68271A9EE300587380 /* Release */ = {
			isa = XCBuildConfiguration;
			buildSettings = {
				ASSETCATALOG_COMPILER_APPICON_NAME = AppIcon;
				ASSETCATALOG_COMPILER_GLOBAL_ACCENT_COLOR_NAME = AccentColor;
				CODE_SIGN_STYLE = Automatic;
				INFOPLIST_FILE = "random gugudan/Info.plist";
				LD_RUNPATH_SEARCH_PATHS = (
					"$(inherited)",
					"@executable_path/Frameworks",
				);
				PRODUCT_BUNDLE_IDENTIFIER = "com.yourcompany.random-gugudan";
				PRODUCT_NAME = "$(TARGET_NAME)";
				SWIFT_VERSION = 5.0;
				TARGETED_DEVICE_FAMILY = "1,2";
			};
			name = Release;
		};
/* End XCBuildConfiguration section */

/* Begin XCConfigurationList section */
		419DAB4D271A9ED900587380 /* Build configuration list for PBXProject "random gugudan" */ = {
			isa = XCConfigurationList;
			buildConfigurations = (
				419DAB64271A9EE300587380 /* Debug */,
				419DAB65271A9EE300587380 /* Release */,
			);
			defaultConfigurationIsVisible = 0;
			defaultConfigurationName = Release;
		};
		419DAB66271A9EE300587380 /* Build configuration list for PBXNativeTarget "random gugudan" */ = {
			isa = XCConfigurationList;
			buildConfigurations = (
				419DAB67271A9EE300587380 /* Debug */,
				419DAB68271A9EE300587380 /* Release */,
			);
			defaultConfigurationIsVisible = 0;
			defaultConfigurationName = Release;
		};
/* End XCConfigurationList section */
	};
	rootObject = 419DAB4A271A9ED900587380 /* Project object */;
}
