// !$*UTF8*$!
{
	archiveVersion = 1;
	classes = {
	};
	objectVersion = 50;
	objects = {

/* Begin PBXBuildFile section */
		B92E4FE525AC1E5100FAD11A /* AppDelegate.swift in Sources */ = {isa = PBXBuildFile; fileRef = B92E4FE425AC1E5100FAD11A /* AppDelegate.swift */; };
		B92E4FE725AC1E5100FAD11A /* SceneDelegate.swift in Sources */ = {isa = PBXBuildFile; fileRef = B92E4FE625AC1E5100FAD11A /* SceneDelegate.swift */; };
		B92E4FE925AC1E5100FAD11A /* ViewController.swift in Sources */ = {isa = PBXBuildFile; fileRef = B92E4FE825AC1E5100FAD11A /* ViewController.swift */; };
		B92E4FEC25AC1E5100FAD11A /* Main.storyboard in Resources */ = {isa = PBXBuildFile; fileRef = B92E4FEA25AC1E5100FAD11A /* Main.storyboard */; };
		B92E4FEE25AC1E5500FAD11A /* Assets.xcassets in Resources */ = {isa = PBXBuildFile; fileRef = B92E4FED25AC1E5500FAD11A /* Assets.xcassets */; };
		B92E4FF125AC1E5500FAD11A /* LaunchScreen.storyboard in Resources */ = {isa = PBXBuildFile; fileRef = B92E4FEF25AC1E5500FAD11A /* LaunchScreen.storyboard */; };
		B9BD70F525B016E000D9A4B1 /* flower_01.png in Resources */ = {isa = PBXBuildFile; fileRef = B9BD70EF25B016E000D9A4B1 /* flower_01.png */; };
		B9BD70F625B016E000D9A4B1 /* flower_04.png in Resources */ = {isa = PBXBuildFile; fileRef = B9BD70F025B016E000D9A4B1 /* flower_04.png */; };
		B9BD70F725B016E000D9A4B1 /* flower_02.png in Resources */ = {isa = PBXBuildFile; fileRef = B9BD70F125B016E000D9A4B1 /* flower_02.png */; };
		B9BD70F825B016E000D9A4B1 /* flower_05.png in Resources */ = {isa = PBXBuildFile; fileRef = B9BD70F225B016E000D9A4B1 /* flower_05.png */; };
		B9BD70F925B016E000D9A4B1 /* flower_06.png in Resources */ = {isa = PBXBuildFile; fileRef = B9BD70F325B016E000D9A4B1 /* flower_06.png */; };
		B9BD70FA25B016E000D9A4B1 /* flower_03.png in Resources */ = {isa = PBXBuildFile; fileRef = B9BD70F425B016E000D9A4B1 /* flower_03.png */; };
/* End PBXBuildFile section */

/* Begin PBXFileReference section */
		B92E4FE125AC1E5100FAD11A /* Quiz06.app */ = {isa = PBXFileReference; explicitFileType = wrapper.application; includeInIndex = 0; path = Quiz06.app; sourceTree = BUILT_PRODUCTS_DIR; };
		B92E4FE425AC1E5100FAD11A /* AppDelegate.swift */ = {isa = PBXFileReference; lastKnownFileType = sourcecode.swift; path = AppDelegate.swift; sourceTree = "<group>"; };
		B92E4FE625AC1E5100FAD11A /* SceneDelegate.swift */ = {isa = PBXFileReference; lastKnownFileType = sourcecode.swift; path = SceneDelegate.swift; sourceTree = "<group>"; };
		B92E4FE825AC1E5100FAD11A /* ViewController.swift */ = {isa = PBXFileReference; lastKnownFileType = sourcecode.swift; path = ViewController.swift; sourceTree = "<group>"; };
		B92E4FEB25AC1E5100FAD11A /* Base */ = {isa = PBXFileReference; lastKnownFileType = file.storyboard; name = Base; path = Base.lproj/Main.storyboard; sourceTree = "<group>"; };
		B92E4FED25AC1E5500FAD11A /* Assets.xcassets */ = {isa = PBXFileReference; lastKnownFileType = folder.assetcatalog; path = Assets.xcassets; sourceTree = "<group>"; };
		B92E4FF025AC1E5500FAD11A /* Base */ = {isa = PBXFileReference; lastKnownFileType = file.storyboard; name = Base; path = Base.lproj/LaunchScreen.storyboard; sourceTree = "<group>"; };
		B92E4FF225AC1E5500FAD11A /* Info.plist */ = {isa = PBXFileReference; lastKnownFileType = text.plist.xml; path = Info.plist; sourceTree = "<group>"; };
		B9BD70EF25B016E000D9A4B1 /* flower_01.png */ = {isa = PBXFileReference; lastKnownFileType = image.png; name = flower_01.png; path = ../../../Reference/flower_01.png; sourceTree = "<group>"; };
		B9BD70F025B016E000D9A4B1 /* flower_04.png */ = {isa = PBXFileReference; lastKnownFileType = image.png; name = flower_04.png; path = ../../../Reference/flower_04.png; sourceTree = "<group>"; };
		B9BD70F125B016E000D9A4B1 /* flower_02.png */ = {isa = PBXFileReference; lastKnownFileType = image.png; name = flower_02.png; path = ../../../Reference/flower_02.png; sourceTree = "<group>"; };
		B9BD70F225B016E000D9A4B1 /* flower_05.png */ = {isa = PBXFileReference; lastKnownFileType = image.png; name = flower_05.png; path = ../../../Reference/flower_05.png; sourceTree = "<group>"; };
		B9BD70F325B016E000D9A4B1 /* flower_06.png */ = {isa = PBXFileReference; lastKnownFileType = image.png; name = flower_06.png; path = ../../../Reference/flower_06.png; sourceTree = "<group>"; };
		B9BD70F425B016E000D9A4B1 /* flower_03.png */ = {isa = PBXFileReference; lastKnownFileType = image.png; name = flower_03.png; path = ../../../Reference/flower_03.png; sourceTree = "<group>"; };
/* End PBXFileReference section */

/* Begin PBXFrameworksBuildPhase section */
		B92E4FDE25AC1E5100FAD11A /* Frameworks */ = {
			isa = PBXFrameworksBuildPhase;
			buildActionMask = 2147483647;
			files = (
			);
			runOnlyForDeploymentPostprocessing = 0;
		};
/* End PBXFrameworksBuildPhase section */

/* Begin PBXGroup section */
		B92E4FD825AC1E5100FAD11A = {
			isa = PBXGroup;
			children = (
				B9BD70EE25B016C800D9A4B1 /* Images */,
				B92E4FE325AC1E5100FAD11A /* Quiz06 */,
				B92E4FE225AC1E5100FAD11A /* Products */,
			);
			sourceTree = "<group>";
		};
		B92E4FE225AC1E5100FAD11A /* Products */ = {
			isa = PBXGroup;
			children = (
				B92E4FE125AC1E5100FAD11A /* Quiz06.app */,
			);
			name = Products;
			sourceTree = "<group>";
		};
		B92E4FE325AC1E5100FAD11A /* Quiz06 */ = {
			isa = PBXGroup;
			children = (
				B92E4FE425AC1E5100FAD11A /* AppDelegate.swift */,
				B92E4FE625AC1E5100FAD11A /* SceneDelegate.swift */,
				B92E4FE825AC1E5100FAD11A /* ViewController.swift */,
				B92E4FEA25AC1E5100FAD11A /* Main.storyboard */,
				B92E4FED25AC1E5500FAD11A /* Assets.xcassets */,
				B92E4FEF25AC1E5500FAD11A /* LaunchScreen.storyboard */,
				B92E4FF225AC1E5500FAD11A /* Info.plist */,
			);
			path = Quiz06;
			sourceTree = "<group>";
		};
		B9BD70EE25B016C800D9A4B1 /* Images */ = {
			isa = PBXGroup;
			children = (
				B9BD70EF25B016E000D9A4B1 /* flower_01.png */,
				B9BD70F125B016E000D9A4B1 /* flower_02.png */,
				B9BD70F425B016E000D9A4B1 /* flower_03.png */,
				B9BD70F025B016E000D9A4B1 /* flower_04.png */,
				B9BD70F225B016E000D9A4B1 /* flower_05.png */,
				B9BD70F325B016E000D9A4B1 /* flower_06.png */,
			);
			path = Images;
			sourceTree = "<group>";
		};
/* End PBXGroup section */

/* Begin PBXNativeTarget section */
		B92E4FE025AC1E5100FAD11A /* Quiz06 */ = {
			isa = PBXNativeTarget;
			buildConfigurationList = B92E4FF525AC1E5500FAD11A /* Build configuration list for PBXNativeTarget "Quiz06" */;
			buildPhases = (
				B92E4FDD25AC1E5100FAD11A /* Sources */,
				B92E4FDE25AC1E5100FAD11A /* Frameworks */,
				B92E4FDF25AC1E5100FAD11A /* Resources */,
			);
			buildRules = (
			);
			dependencies = (
			);
			name = Quiz06;
			productName = Quiz06;
			productReference = B92E4FE125AC1E5100FAD11A /* Quiz06.app */;
			productType = "com.apple.product-type.application";
		};
/* End PBXNativeTarget section */

/* Begin PBXProject section */
		B92E4FD925AC1E5100FAD11A /* Project object */ = {
			isa = PBXProject;
			attributes = {
				LastSwiftUpdateCheck = 1230;
				LastUpgradeCheck = 1230;
				TargetAttributes = {
					B92E4FE025AC1E5100FAD11A = {
						CreatedOnToolsVersion = 12.3;
					};
				};
			};
			buildConfigurationList = B92E4FDC25AC1E5100FAD11A /* Build configuration list for PBXProject "Quiz06" */;
			compatibilityVersion = "Xcode 9.3";
			developmentRegion = en;
			hasScannedForEncodings = 0;
			knownRegions = (
				en,
				Base,
			);
			mainGroup = B92E4FD825AC1E5100FAD11A;
			productRefGroup = B92E4FE225AC1E5100FAD11A /* Products */;
			projectDirPath = "";
			projectRoot = "";
			targets = (
				B92E4FE025AC1E5100FAD11A /* Quiz06 */,
			);
		};
/* End PBXProject section */

/* Begin PBXResourcesBuildPhase section */
		B92E4FDF25AC1E5100FAD11A /* Resources */ = {
			isa = PBXResourcesBuildPhase;
			buildActionMask = 2147483647;
			files = (
				B9BD70F825B016E000D9A4B1 /* flower_05.png in Resources */,
				B92E4FF125AC1E5500FAD11A /* LaunchScreen.storyboard in Resources */,
				B92E4FEE25AC1E5500FAD11A /* Assets.xcassets in Resources */,
				B9BD70F725B016E000D9A4B1 /* flower_02.png in Resources */,
				B9BD70F925B016E000D9A4B1 /* flower_06.png in Resources */,
				B9BD70FA25B016E000D9A4B1 /* flower_03.png in Resources */,
				B9BD70F625B016E000D9A4B1 /* flower_04.png in Resources */,
				B92E4FEC25AC1E5100FAD11A /* Main.storyboard in Resources */,
				B9BD70F525B016E000D9A4B1 /* flower_01.png in Resources */,
			);
			runOnlyForDeploymentPostprocessing = 0;
		};
/* End PBXResourcesBuildPhase section */

/* Begin PBXSourcesBuildPhase section */
		B92E4FDD25AC1E5100FAD11A /* Sources */ = {
			isa = PBXSourcesBuildPhase;
			buildActionMask = 2147483647;
			files = (
				B92E4FE925AC1E5100FAD11A /* ViewController.swift in Sources */,
				B92E4FE525AC1E5100FAD11A /* AppDelegate.swift in Sources */,
				B92E4FE725AC1E5100FAD11A /* SceneDelegate.swift in Sources */,
			);
			runOnlyForDeploymentPostprocessing = 0;
		};
/* End PBXSourcesBuildPhase section */

/* Begin PBXVariantGroup section */
		B92E4FEA25AC1E5100FAD11A /* Main.storyboard */ = {
			isa = PBXVariantGroup;
			children = (
				B92E4FEB25AC1E5100FAD11A /* Base */,
			);
			name = Main.storyboard;
			sourceTree = "<group>";
		};
		B92E4FEF25AC1E5500FAD11A /* LaunchScreen.storyboard */ = {
			isa = PBXVariantGroup;
			children = (
				B92E4FF025AC1E5500FAD11A /* Base */,
			);
			name = LaunchScreen.storyboard;
			sourceTree = "<group>";
		};
/* End PBXVariantGroup section */

/* Begin XCBuildConfiguration section */
		B92E4FF325AC1E5500FAD11A /* Debug */ = {
			isa = XCBuildConfiguration;
			buildSettings = {
				ALWAYS_SEARCH_USER_PATHS = NO;
				CLANG_ANALYZER_NONNULL = YES;
				CLANG_ANALYZER_NUMBER_OBJECT_CONVERSION = YES_AGGRESSIVE;
				CLANG_CXX_LANGUAGE_STANDARD = "gnu++14";
				CLANG_CXX_LIBRARY = "libc++";
				CLANG_ENABLE_MODULES = YES;
				CLANG_ENABLE_OBJC_ARC = YES;
				CLANG_ENABLE_OBJC_WEAK = YES;
				CLANG_WARN_BLOCK_CAPTURE_AUTORELEASING = YES;
				CLANG_WARN_BOOL_CONVERSION = YES;
				CLANG_WARN_COMMA = YES;
				CLANG_WARN_CONSTANT_CONVERSION = YES;
				CLANG_WARN_DEPRECATED_OBJC_IMPLEMENTATIONS = YES;
				CLANG_WARN_DIRECT_OBJC_ISA_USAGE = YES_ERROR;
				CLANG_WARN_DOCUMENTATION_COMMENTS = YES;
				CLANG_WARN_EMPTY_BODY = YES;
				CLANG_WARN_ENUM_CONVERSION = YES;
				CLANG_WARN_INFINITE_RECURSION = YES;
				CLANG_WARN_INT_CONVERSION = YES;
				CLANG_WARN_NON_LITERAL_NULL_CONVERSION = YES;
				CLANG_WARN_OBJC_IMPLICIT_RETAIN_SELF = YES;
				CLANG_WARN_OBJC_LITERAL_CONVERSION = YES;
				CLANG_WARN_OBJC_ROOT_CLASS = YES_ERROR;
				CLANG_WARN_QUOTED_INCLUDE_IN_FRAMEWORK_HEADER = YES;
				CLANG_WARN_RANGE_LOOP_ANALYSIS = YES;
				CLANG_WARN_STRICT_PROTOTYPES = YES;
				CLANG_WARN_SUSPICIOUS_MOVE = YES;
				CLANG_WARN_UNGUARDED_AVAILABILITY = YES_AGGRESSIVE;
				CLANG_WARN_UNREACHABLE_CODE = YES;
				CLANG_WARN__DUPLICATE_METHOD_MATCH = YES;
				COPY_PHASE_STRIP = NO;
				DEBUG_INFORMATION_FORMAT = dwarf;
				ENABLE_STRICT_OBJC_MSGSEND = YES;
				ENABLE_TESTABILITY = YES;
				GCC_C_LANGUAGE_STANDARD = gnu11;
				GCC_DYNAMIC_NO_PIC = NO;
				GCC_NO_COMMON_BLOCKS = YES;
				GCC_OPTIMIZATION_LEVEL = 0;
				GCC_PREPROCESSOR_DEFINITIONS = (
					"DEBUG=1",
					"$(inherited)",
				);
				GCC_WARN_64_TO_32_BIT_CONVERSION = YES;
				GCC_WARN_ABOUT_RETURN_TYPE = YES_ERROR;
				GCC_WARN_UNDECLARED_SELECTOR = YES;
				GCC_WARN_UNINITIALIZED_AUTOS = YES_AGGRESSIVE;
				GCC_WARN_UNUSED_FUNCTION = YES;
				GCC_WARN_UNUSED_VARIABLE = YES;
				IPHONEOS_DEPLOYMENT_TARGET = 14.3;
				MTL_ENABLE_DEBUG_INFO = INCLUDE_SOURCE;
				MTL_FAST_MATH = YES;
				ONLY_ACTIVE_ARCH = YES;
				SDKROOT = iphoneos;
				SWIFT_ACTIVE_COMPILATION_CONDITIONS = DEBUG;
				SWIFT_OPTIMIZATION_LEVEL = "-Onone";
			};
			name = Debug;
		};
		B92E4FF425AC1E5500FAD11A /* Release */ = {
			isa = XCBuildConfiguration;
			buildSettings = {
				ALWAYS_SEARCH_USER_PATHS = NO;
				CLANG_ANALYZER_NONNULL = YES;
				CLANG_ANALYZER_NUMBER_OBJECT_CONVERSION = YES_AGGRESSIVE;
				CLANG_CXX_LANGUAGE_STANDARD = "gnu++14";
				CLANG_CXX_LIBRARY = "libc++";
				CLANG_ENABLE_MODULES = YES;
				CLANG_ENABLE_OBJC_ARC = YES;
				CLANG_ENABLE_OBJC_WEAK = YES;
				CLANG_WARN_BLOCK_CAPTURE_AUTORELEASING = YES;
				CLANG_WARN_BOOL_CONVERSION = YES;
				CLANG_WARN_COMMA = YES;
				CLANG_WARN_CONSTANT_CONVERSION = YES;
				CLANG_WARN_DEPRECATED_OBJC_IMPLEMENTATIONS = YES;
				CLANG_WARN_DIRECT_OBJC_ISA_USAGE = YES_ERROR;
				CLANG_WARN_DOCUMENTATION_COMMENTS = YES;
				CLANG_WARN_EMPTY_BODY = YES;
				CLANG_WARN_ENUM_CONVERSION = YES;
				CLANG_WARN_INFINITE_RECURSION = YES;
				CLANG_WARN_INT_CONVERSION = YES;
				CLANG_WARN_NON_LITERAL_NULL_CONVERSION = YES;
				CLANG_WARN_OBJC_IMPLICIT_RETAIN_SELF = YES;
				CLANG_WARN_OBJC_LITERAL_CONVERSION = YES;
				CLANG_WARN_OBJC_ROOT_CLASS = YES_ERROR;
				CLANG_WARN_QUOTED_INCLUDE_IN_FRAMEWORK_HEADER = YES;
				CLANG_WARN_RANGE_LOOP_ANALYSIS = YES;
				CLANG_WARN_STRICT_PROTOTYPES = YES;
				CLANG_WARN_SUSPICIOUS_MOVE = YES;
				CLANG_WARN_UNGUARDED_AVAILABILITY = YES_AGGRESSIVE;
				CLANG_WARN_UNREACHABLE_CODE = YES;
				CLANG_WARN__DUPLICATE_METHOD_MATCH = YES;
				COPY_PHASE_STRIP = NO;
				DEBUG_INFORMATION_FORMAT = "dwarf-with-dsym";
				ENABLE_NS_ASSERTIONS = NO;
				ENABLE_STRICT_OBJC_MSGSEND = YES;
				GCC_C_LANGUAGE_STANDARD = gnu11;
				GCC_NO_COMMON_BLOCKS = YES;
				GCC_WARN_64_TO_32_BIT_CONVERSION = YES;
				GCC_WARN_ABOUT_RETURN_TYPE = YES_ERROR;
				GCC_WARN_UNDECLARED_SELECTOR = YES;
				GCC_WARN_UNINITIALIZED_AUTOS = YES_AGGRESSIVE;
				GCC_WARN_UNUSED_FUNCTION = YES;
				GCC_WARN_UNUSED_VARIABLE = YES;
				IPHONEOS_DEPLOYMENT_TARGET = 14.3;
				MTL_ENABLE_DEBUG_INFO = NO;
				MTL_FAST_MATH = YES;
				SDKROOT = iphoneos;
				SWIFT_COMPILATION_MODE = wholemodule;
				SWIFT_OPTIMIZATION_LEVEL = "-O";
				VALIDATE_PRODUCT = YES;
			};
			name = Release;
		};
		B92E4FF625AC1E5500FAD11A /* Debug */ = {
			isa = XCBuildConfiguration;
			buildSettings = {
				ASSETCATALOG_COMPILER_APPICON_NAME = AppIcon;
				ASSETCATALOG_COMPILER_GLOBAL_ACCENT_COLOR_NAME = AccentColor;
				CODE_SIGN_STYLE = Automatic;
				DEVELOPMENT_TEAM = C67R8SZ4HR;
				INFOPLIST_FILE = Quiz06/Info.plist;
				LD_RUNPATH_SEARCH_PATHS = (
					"$(inherited)",
					"@executable_path/Frameworks",
				);
				PRODUCT_BUNDLE_IDENTIFIER = com.khankong.Quiz06;
				PRODUCT_NAME = "$(TARGET_NAME)";
				SWIFT_VERSION = 5.0;
				TARGETED_DEVICE_FAMILY = 1;
			};
			name = Debug;
		};
		B92E4FF725AC1E5500FAD11A /* Release */ = {
			isa = XCBuildConfiguration;
			buildSettings = {
				ASSETCATALOG_COMPILER_APPICON_NAME = AppIcon;
				ASSETCATALOG_COMPILER_GLOBAL_ACCENT_COLOR_NAME = AccentColor;
				CODE_SIGN_STYLE = Automatic;
				DEVELOPMENT_TEAM = C67R8SZ4HR;
				INFOPLIST_FILE = Quiz06/Info.plist;
				LD_RUNPATH_SEARCH_PATHS = (
					"$(inherited)",
					"@executable_path/Frameworks",
				);
				PRODUCT_BUNDLE_IDENTIFIER = com.khankong.Quiz06;
				PRODUCT_NAME = "$(TARGET_NAME)";
				SWIFT_VERSION = 5.0;
				TARGETED_DEVICE_FAMILY = 1;
			};
			name = Release;
		};
/* End XCBuildConfiguration section */

/* Begin XCConfigurationList section */
		B92E4FDC25AC1E5100FAD11A /* Build configuration list for PBXProject "Quiz06" */ = {
			isa = XCConfigurationList;
			buildConfigurations = (
				B92E4FF325AC1E5500FAD11A /* Debug */,
				B92E4FF425AC1E5500FAD11A /* Release */,
			);
			defaultConfigurationIsVisible = 0;
			defaultConfigurationName = Release;
		};
		B92E4FF525AC1E5500FAD11A /* Build configuration list for PBXNativeTarget "Quiz06" */ = {
			isa = XCConfigurationList;
			buildConfigurations = (
				B92E4FF625AC1E5500FAD11A /* Debug */,
				B92E4FF725AC1E5500FAD11A /* Release */,
			);
			defaultConfigurationIsVisible = 0;
			defaultConfigurationName = Release;
		};
/* End XCConfigurationList section */
	};
	rootObject = B92E4FD925AC1E5100FAD11A /* Project object */;
}
